
Microsoft Visual Studio Solution File, Format Version 12.00
# Visual Studio Version 16
VisualStudioVersion = 16.0.29926.136
MinimumVisualStudioVersion = 10.0.40219.1
Project("{FAE04EC0-301F-11D3-BF4B-00C04F79EFBC}") = "PesScores", "PesScores\PesScores.csproj", "{EBD79C03-1213-4CA4-8E37-68EB33BC1B4B}"
EndProject
Project("{FAE04EC0-301F-11D3-BF4B-00C04F79EFBC}") = "BusinessLayer", "ClassLibrary\BusinessLayer.csproj", "{4D645DC4-53E9-469E-8892-7CE5D89D50A2}"
EndProject
Project("{FAE04EC0-301F-11D3-BF4B-00C04F79EFBC}") = "DataLayer", "DataLayer\DataLayer.csproj", "{2AEE1F2E-579C-42FF-9E7A-B3467A6AAABF}"
EndProject
Global
	GlobalSection(SolutionConfigurationPlatforms) = preSolution
		Debug|Any CPU = Debug|Any CPU
		Release|Any CPU = Release|Any CPU
	EndGlobalSection
	GlobalSection(ProjectConfigurationPlatforms) = postSolution
		{EBD79C03-1213-4CA4-8E37-68EB33BC1B4B}.Debug|Any CPU.ActiveCfg = Debug|Any CPU
		{EBD79C03-1213-4CA4-8E37-68EB33BC1B4B}.Debug|Any CPU.Build.0 = Debug|Any CPU
		{EBD79C03-1213-4CA4-8E37-68EB33BC1B4B}.Release|Any CPU.ActiveCfg = Release|Any CPU
		{EBD79C03-1213-4CA4-8E37-68EB33BC1B4B}.Release|Any CPU.Build.0 = Release|Any CPU
		{4D645DC4-53E9-469E-8892-7CE5D89D50A2}.Debug|Any CPU.ActiveCfg = Debug|Any CPU
		{4D645DC4-53E9-469E-8892-7CE5D89D50A2}.Debug|Any CPU.Build.0 = Debug|Any CPU
		{4D645DC4-53E9-469E-8892-7CE5D89D50A2}.Release|Any CPU.ActiveCfg = Release|Any CPU
		{4D645DC4-53E9-469E-8892-7CE5D89D50A2}.Release|Any CPU.Build.0 = Release|Any CPU
		{2AEE1F2E-579C-42FF-9E7A-B3467A6AAABF}.Debug|Any CPU.ActiveCfg = Debug|Any CPU
		{2AEE1F2E-579C-42FF-9E7A-B3467A6AAABF}.Debug|Any CPU.Build.0 = Debug|Any CPU
		{2AEE1F2E-579C-42FF-9E7A-B3467A6AAABF}.Release|Any CPU.ActiveCfg = Release|Any CPU
		{2AEE1F2E-579C-42FF-9E7A-B3467A6AAABF}.Release|Any CPU.Build.0 = Release|Any CPU
	EndGlobalSection
	GlobalSection(SolutionProperties) = preSolution
		HideSolutionNode = FALSE
	EndGlobalSection
	GlobalSection(ExtensibilityGlobals) = postSolution
		SolutionGuid = {350A978E-E715-4799-9D5B-D78603A4281A}
	EndGlobalSection
EndGlobal
